
Microsoft Visual Studio Solution File, Format Version 11.00
# Visual C# Express 2010
Project("{FAE04EC0-301F-11D3-BF4B-00C04F79EFBC}") = "CPUMonitor", "CPUMonitor.csproj", "{6040B049-4241-4FFD-B388-AACDA78D1469}"
EndProject
Global
	GlobalSection(SolutionConfigurationPlatforms) = preSolution
		Debug|Any CPU = Debug|Any CPU
		Release|Any CPU = Release|Any CPU
	EndGlobalSection
	GlobalSection(ProjectConfigurationPlatforms) = postSolution
		{6040B049-4241-4FFD-B388-AACDA78D1469}.Debug|Any CPU.ActiveCfg = Debug|Any CPU
		{6040B049-4241-4FFD-B388-AACDA78D1469}.Debug|Any CPU.Build.0 = Debug|Any CPU
		{6040B049-4241-4FFD-B388-AACDA78D1469}.Release|Any CPU.ActiveCfg = Release|Any CPU
		{6040B049-4241-4FFD-B388-AACDA78D1469}.Release|Any CPU.Build.0 = Release|Any CPU
	EndGlobalSection
	GlobalSection(SolutionProperties) = preSolution
		HideSolutionNode = FALSE
	EndGlobalSection
EndGlobal
