
Microsoft Visual Studio Solution File, Format Version 11.00
# Visual C# Express 2010
Project("{FAE04EC0-301F-11D3-BF4B-00C04F79EFBC}") = "LEDMixer", "LEDMixer.csproj", "{A7814DA7-FA30-4A3D-878F-2E1975F9B27D}"
EndProject
Global
	GlobalSection(SolutionConfigurationPlatforms) = preSolution
		Debug|Any CPU = Debug|Any CPU
		Release|Any CPU = Release|Any CPU
	EndGlobalSection
	GlobalSection(ProjectConfigurationPlatforms) = postSolution
		{A7814DA7-FA30-4A3D-878F-2E1975F9B27D}.Debug|Any CPU.ActiveCfg = Debug|Any CPU
		{A7814DA7-FA30-4A3D-878F-2E1975F9B27D}.Debug|Any CPU.Build.0 = Debug|Any CPU
		{A7814DA7-FA30-4A3D-878F-2E1975F9B27D}.Release|Any CPU.ActiveCfg = Release|Any CPU
		{A7814DA7-FA30-4A3D-878F-2E1975F9B27D}.Release|Any CPU.Build.0 = Release|Any CPU
	EndGlobalSection
	GlobalSection(SolutionProperties) = preSolution
		HideSolutionNode = FALSE
	EndGlobalSection
EndGlobal
